
Microsoft Visual Studio Solution File, Format Version 12.00
# Visual Studio Version 16
VisualStudioVersion = 16.0.30413.136
MinimumVisualStudioVersion = 10.0.40219.1
Project("{FAE04EC0-301F-11D3-BF4B-00C04F79EFBC}") = "WindowsFormsApp4", "WindowsFormsApp4\WindowsFormsApp4.csproj", "{B89B264C-BC38-47DF-899C-93CC05748A80}"
EndProject
Global
	GlobalSection(SolutionConfigurationPlatforms) = preSolution
		Debug|Any CPU = Debug|Any CPU
		Release|Any CPU = Release|Any CPU
	EndGlobalSection
	GlobalSection(ProjectConfigurationPlatforms) = postSolution
		{B89B264C-BC38-47DF-899C-93CC05748A80}.Debug|Any CPU.ActiveCfg = Debug|Any CPU
		{B89B264C-BC38-47DF-899C-93CC05748A80}.Debug|Any CPU.Build.0 = Debug|Any CPU
		{B89B264C-BC38-47DF-899C-93CC05748A80}.Release|Any CPU.ActiveCfg = Release|Any CPU
		{B89B264C-BC38-47DF-899C-93CC05748A80}.Release|Any CPU.Build.0 = Release|Any CPU
	EndGlobalSection
	GlobalSection(SolutionProperties) = preSolution
		HideSolutionNode = FALSE
	EndGlobalSection
	GlobalSection(ExtensibilityGlobals) = postSolution
		SolutionGuid = {F0063816-AAB3-49AE-9DDF-B88F866ECA9A}
	EndGlobalSection
EndGlobal
